
Microsoft Visual Studio Solution File, Format Version 12.00
# Visual Studio Version 17
VisualStudioVersion = 17.1.32421.90
MinimumVisualStudioVersion = 10.0.40219.1
Project("{9A19103F-16F7-4668-BE54-9A1E7A4F7556}") = "CloudCustomers.UnitTexts", "CloudCustomers.UnitTexts\CloudCustomers.UnitTexts.csproj", "{2E4D3063-B8BF-4CB9-87E8-56AF9EEDED77}"
EndProject
Project("{FAE04EC0-301F-11D3-BF4B-00C04F79EFBC}") = "CloudCusromers.API", "CloudCusromers.API\CloudCusromers.API.csproj", "{2F9DDC81-6528-4C1F-801D-D722A53CE5F3}"
EndProject
Global
	GlobalSection(SolutionConfigurationPlatforms) = preSolution
		Debug|Any CPU = Debug|Any CPU
		Release|Any CPU = Release|Any CPU
	EndGlobalSection
	GlobalSection(ProjectConfigurationPlatforms) = postSolution
		{2E4D3063-B8BF-4CB9-87E8-56AF9EEDED77}.Debug|Any CPU.ActiveCfg = Debug|Any CPU
		{2E4D3063-B8BF-4CB9-87E8-56AF9EEDED77}.Debug|Any CPU.Build.0 = Debug|Any CPU
		{2E4D3063-B8BF-4CB9-87E8-56AF9EEDED77}.Release|Any CPU.ActiveCfg = Release|Any CPU
		{2E4D3063-B8BF-4CB9-87E8-56AF9EEDED77}.Release|Any CPU.Build.0 = Release|Any CPU
		{2F9DDC81-6528-4C1F-801D-D722A53CE5F3}.Debug|Any CPU.ActiveCfg = Debug|Any CPU
		{2F9DDC81-6528-4C1F-801D-D722A53CE5F3}.Debug|Any CPU.Build.0 = Debug|Any CPU
		{2F9DDC81-6528-4C1F-801D-D722A53CE5F3}.Release|Any CPU.ActiveCfg = Release|Any CPU
		{2F9DDC81-6528-4C1F-801D-D722A53CE5F3}.Release|Any CPU.Build.0 = Release|Any CPU
	EndGlobalSection
	GlobalSection(SolutionProperties) = preSolution
		HideSolutionNode = FALSE
	EndGlobalSection
	GlobalSection(ExtensibilityGlobals) = postSolution
		SolutionGuid = {D53BD3C6-3B3B-4144-A5A4-3E4ED8AB7FDA}
	EndGlobalSection
EndGlobal
